
Microsoft Visual Studio Solution File, Format Version 12.00
# Visual Studio Version 17
VisualStudioVersion = 17.0.31903.59
MinimumVisualStudioVersion = 10.0.40219.1
Project("{FAE04EC0-301F-11D3-BF4B-00C04F79EFBC}") = "SystemAnalyzer.Core", "SystemAnalyzer.Core\SystemAnalyzer.Core.csproj", "{894F7C2B-8CC9-4CD8-929F-1609EC68E528}"
EndProject
Project("{FAE04EC0-301F-11D3-BF4B-00C04F79EFBC}") = "SystemAnalyzer.Console", "SystemAnalyzer.Console\SystemAnalyzer.Console.csproj", "{03BC099B-46EF-4187-A9BF-9F1FBE0BB6E2}"
EndProject
Project("{FAE04EC0-301F-11D3-BF4B-00C04F79EFBC}") = "SystemAnalyzer.WinForms", "SystemAnalyzer.WinForms\SystemAnalyzer.WinForms.csproj", "{9FE42A10-A132-4771-901A-5A1E0DEC59AB}"
EndProject
Global
	GlobalSection(SolutionConfigurationPlatforms) = preSolution
		Debug|Any CPU = Debug|Any CPU
		Debug|x64 = Debug|x64
		Debug|x86 = Debug|x86
		Release|Any CPU = Release|Any CPU
		Release|x64 = Release|x64
		Release|x86 = Release|x86
	EndGlobalSection
	GlobalSection(ProjectConfigurationPlatforms) = postSolution
		{894F7C2B-8CC9-4CD8-929F-1609EC68E528}.Debug|Any CPU.ActiveCfg = Debug|Any CPU
		{894F7C2B-8CC9-4CD8-929F-1609EC68E528}.Debug|Any CPU.Build.0 = Debug|Any CPU
		{894F7C2B-8CC9-4CD8-929F-1609EC68E528}.Debug|x64.ActiveCfg = Debug|Any CPU
		{894F7C2B-8CC9-4CD8-929F-1609EC68E528}.Debug|x64.Build.0 = Debug|Any CPU
		{894F7C2B-8CC9-4CD8-929F-1609EC68E528}.Debug|x86.ActiveCfg = Debug|Any CPU
		{894F7C2B-8CC9-4CD8-929F-1609EC68E528}.Debug|x86.Build.0 = Debug|Any CPU
		{894F7C2B-8CC9-4CD8-929F-1609EC68E528}.Release|Any CPU.ActiveCfg = Release|Any CPU
		{894F7C2B-8CC9-4CD8-929F-1609EC68E528}.Release|Any CPU.Build.0 = Release|Any CPU
		{894F7C2B-8CC9-4CD8-929F-1609EC68E528}.Release|x64.ActiveCfg = Release|Any CPU
		{894F7C2B-8CC9-4CD8-929F-1609EC68E528}.Release|x64.Build.0 = Release|Any CPU
		{894F7C2B-8CC9-4CD8-929F-1609EC68E528}.Release|x86.ActiveCfg = Release|Any CPU
		{894F7C2B-8CC9-4CD8-929F-1609EC68E528}.Release|x86.Build.0 = Release|Any CPU
		{03BC099B-46EF-4187-A9BF-9F1FBE0BB6E2}.Debug|Any CPU.ActiveCfg = Debug|Any CPU
		{03BC099B-46EF-4187-A9BF-9F1FBE0BB6E2}.Debug|Any CPU.Build.0 = Debug|Any CPU
		{03BC099B-46EF-4187-A9BF-9F1FBE0BB6E2}.Debug|x64.ActiveCfg = Debug|Any CPU
		{03BC099B-46EF-4187-A9BF-9F1FBE0BB6E2}.Debug|x64.Build.0 = Debug|Any CPU
		{03BC099B-46EF-4187-A9BF-9F1FBE0BB6E2}.Debug|x86.ActiveCfg = Debug|Any CPU
		{03BC099B-46EF-4187-A9BF-9F1FBE0BB6E2}.Debug|x86.Build.0 = Debug|Any CPU
		{03BC099B-46EF-4187-A9BF-9F1FBE0BB6E2}.Release|Any CPU.ActiveCfg = Release|Any CPU
		{03BC099B-46EF-4187-A9BF-9F1FBE0BB6E2}.Release|Any CPU.Build.0 = Release|Any CPU
		{03BC099B-46EF-4187-A9BF-9F1FBE0BB6E2}.Release|x64.ActiveCfg = Release|Any CPU
		{03BC099B-46EF-4187-A9BF-9F1FBE0BB6E2}.Release|x64.Build.0 = Release|Any CPU
		{03BC099B-46EF-4187-A9BF-9F1FBE0BB6E2}.Release|x86.ActiveCfg = Release|Any CPU
		{03BC099B-46EF-4187-A9BF-9F1FBE0BB6E2}.Release|x86.Build.0 = Release|Any CPU
		{9FE42A10-A132-4771-901A-5A1E0DEC59AB}.Debug|Any CPU.ActiveCfg = Debug|Any CPU
		{9FE42A10-A132-4771-901A-5A1E0DEC59AB}.Debug|Any CPU.Build.0 = Debug|Any CPU
		{9FE42A10-A132-4771-901A-5A1E0DEC59AB}.Debug|x64.ActiveCfg = Debug|Any CPU
		{9FE42A10-A132-4771-901A-5A1E0DEC59AB}.Debug|x64.Build.0 = Debug|Any CPU
		{9FE42A10-A132-4771-901A-5A1E0DEC59AB}.Debug|x86.ActiveCfg = Debug|Any CPU
		{9FE42A10-A132-4771-901A-5A1E0DEC59AB}.Debug|x86.Build.0 = Debug|Any CPU
		{9FE42A10-A132-4771-901A-5A1E0DEC59AB}.Release|Any CPU.ActiveCfg = Release|Any CPU
		{9FE42A10-A132-4771-901A-5A1E0DEC59AB}.Release|Any CPU.Build.0 = Release|Any CPU
		{9FE42A10-A132-4771-901A-5A1E0DEC59AB}.Release|x64.ActiveCfg = Release|Any CPU
		{9FE42A10-A132-4771-901A-5A1E0DEC59AB}.Release|x64.Build.0 = Release|Any CPU
		{9FE42A10-A132-4771-901A-5A1E0DEC59AB}.Release|x86.ActiveCfg = Release|Any CPU
		{9FE42A10-A132-4771-901A-5A1E0DEC59AB}.Release|x86.Build.0 = Release|Any CPU
	EndGlobalSection
	GlobalSection(SolutionProperties) = preSolution
		HideSolutionNode = FALSE
	EndGlobalSection
EndGlobal
